
Microsoft Visual Studio Solution File, Format Version 12.00
# Visual Studio Version 16
VisualStudioVersion = 16.0.30621.155
MinimumVisualStudioVersion = 10.0.40219.1
Project("{9A19103F-16F7-4668-BE54-9A1E7A4F7556}") = "Kchopein.EfDbMigrator", "Kchopein.EfDbMigrator.csproj", "{083EF7DE-18E7-45F9-B740-C8DA8FFC0417}"
EndProject
Project("{2150E333-8FDC-42A3-9474-1A3956D46DE8}") = "Solution Items", "Solution Items", "{E96150A1-D772-4989-A832-241A82E281ED}"
	ProjectSection(SolutionItems) = preProject
		LICENSE.txt = LICENSE.txt
	EndProjectSection
EndProject
Global
	GlobalSection(SolutionConfigurationPlatforms) = preSolution
		Debug|Any CPU = Debug|Any CPU
		Release|Any CPU = Release|Any CPU
	EndGlobalSection
	GlobalSection(ProjectConfigurationPlatforms) = postSolution
		{083EF7DE-18E7-45F9-B740-C8DA8FFC0417}.Debug|Any CPU.ActiveCfg = Debug|Any CPU
		{083EF7DE-18E7-45F9-B740-C8DA8FFC0417}.Debug|Any CPU.Build.0 = Debug|Any CPU
		{083EF7DE-18E7-45F9-B740-C8DA8FFC0417}.Release|Any CPU.ActiveCfg = Release|Any CPU
		{083EF7DE-18E7-45F9-B740-C8DA8FFC0417}.Release|Any CPU.Build.0 = Release|Any CPU
	EndGlobalSection
	GlobalSection(SolutionProperties) = preSolution
		HideSolutionNode = FALSE
	EndGlobalSection
	GlobalSection(ExtensibilityGlobals) = postSolution
		SolutionGuid = {2FD0518E-B0E0-4014-8B56-B41E8FB75750}
	EndGlobalSection
EndGlobal
